# THIS IS AN AUTOGENERATED FILE. DO NOT EDIT THIS FILE DIRECTLY.
# yarn lockfile v1


flow-bin@^0.148.0:
  version "0.148.0"
  resolved "https://registry.yarnpkg.com/flow-bin/-/flow-bin-0.148.0.tgz#1d264606dbb4d6e6070cc98a775e21dcd64e6890"
  integrity sha512-7Cx6BUm8UAlbqtYJNYXdMrh900MQhNV+SjtBxZuWN7UmlVG4tIRNzNLEOjNnj2DN2vcL1wfI5IlSUXnws/QCEw==
